lockfileVersion: '9.0'

settings:
  autoInstallPeers: true
  excludeLinksFromLockfile: false

importers:

  .:
    dependencies:
      react-easy-crop:
        specifier: ^5.5.7
        version: 5.5.7(react-dom@19.2.8(react@19.2.8))(react@19.2.8)
      supabase:
        specifier: ^2.96.0
        version: 2.114.0
    optionalDependencies:
      '@esbuild/linux-arm64':
        specifier: ^0.21.5
        version: 0.21.5
      '@esbuild/linux-x64':
        specifier: ^0.21.5
        version: 0.21.5
    devDependencies:
      lightningcss-win32-x64-msvc:
        specifier: ^1.32.0
        version: 1.33.0

packages:

  '@ecies/ciphers@0.2.6':
    resolution: {integrity: sha512-patgsRPKGkhhoBjETV4XxD0En4ui5fbX0hzayqI3M8tvNMGUoUvmyYAIWwlxBc1KX5cturfqByYdj5bYGRpN9g==}
    engines: {bun: '>=1', deno: '>=2.7.10', node: '>=16'}
    peerDependencies:
      '@noble/ciphers': ^1.0.0

  '@esbuild/linux-arm64@0.21.5':
    resolution: {integrity: sha512-ibKvmyYzKsBeX8d8I7MH/TMfWDXBF3db4qM6sy+7re0YXya+K1cem3on9XgdT2EQGMu4hQyZhan7TeQ8XkGp4Q==}
    engines: {node: '>=12'}
    cpu: [arm64]
    os: [linux]

  '@esbuild/linux-x64@0.21.5':
    resolution: {integrity: sha512-1rYdTpyv03iycF1+BhzrzQJCdOuAOtaqHTWJZCWvijKD2N5Xu0TtVC8/+1faWqcP9iBCWOmjmhoH94dH82BxPQ==}
    engines: {node: '>=12'}
    cpu: [x64]
    os: [linux]

  '@noble/ciphers@1.3.0':
    resolution: {integrity: sha512-2I0gnIVPtfnMw9ee9h1dJG7tp81+8Ob3OJb3Mv37rx5L40/b0i7djjCVvGOVqc9AEIQyvyu1i6ypKdFw8R8gQw==}
    engines: {node: ^14.21.3 || >=16}

  '@noble/curves@1.9.7':
    resolution: {integrity: sha512-gbKGcRUYIjA3/zCCNaWDciTMFI0dCkvou3TL8Zmy5Nc7sJ47a0jtOeZoTaMxkuqRo9cRhjOdZJXegxYE5FN/xw==}
    engines: {node: ^14.21.3 || >=16}

  '@noble/hashes@1.8.0':
    resolution: {integrity: sha512-jCs9ldd7NwzpgXDIf6P3+NrHh9/sD6CQdxHyjQI+h/6rDNo88ypBxxz45UDuZHz9r3tNz7N/VInSVoVdtXEI4A==}
    engines: {node: ^14.21.3 || >=16}

  '@supabase/cli-darwin-arm64@2.114.0':
    resolution: {integrity: sha512-zdZA+hf8W2sMDQkWWJKYcgOS6AAMsc8oMTaspfYrga41paUqSvuXZ4uAhBaNm3DiNeJmQ0ddb9EaLo0lPxaQpw==}
    cpu: [arm64]
    os: [darwin]

  '@supabase/cli-darwin-x64@2.114.0':
    resolution: {integrity: sha512-r89Go+y0IyBS+8pHsBZcs9s1W7xB8IL60k97INn0EYgPlE99Bgy7aZF+FQd+c1e3RAXLPS4/Znf7fheXKuNCtg==}
    cpu: [x64]
    os: [darwin]

  '@supabase/cli-linux-arm64-musl@2.114.0':
    resolution: {integrity: sha512-G5/97+h2CXzoK95jNlWY8CyOt+Zm0k3A9/d1r/jDYoB/y1P5cQmK1TYPPfI+ErWYQeoiQ6okfftAAg8bZEGqcA==}
    cpu: [arm64]
    os: [linux]

  '@supabase/cli-linux-arm64@2.114.0':
    resolution: {integrity: sha512-vYFAP+gI6BOcwjZ+Zs9kpqtUt3KTE5kL56H65CTCdwRBJ/fXU+vCW3WvhLyFmKmJ8sDzjCvMcHwuhjKPbTmM7A==}
    cpu: [arm64]
    os: [linux]

  '@supabase/cli-linux-x64-musl@2.114.0':
    resolution: {integrity: sha512-87e8MzkKZryXOsmMSbrS4b4jX95uPohS/AplJb2QWwTzLuOXZ+G60e0NR9tkuYYc7TIrDAHhFxcGaQweRIERug==}
    cpu: [x64]
    os: [linux]

  '@supabase/cli-linux-x64@2.114.0':
    resolution: {integrity: sha512-MKgeafQEWYVKCtJgOgGJo1SqiKI4dd5eN460FbLOg01j1sYh7zGqhHk8WxF3enc4WeFQpVMpv147UyrOueHheg==}
    cpu: [x64]
    os: [linux]

  '@supabase/cli-windows-arm64@2.114.0':
    resolution: {integrity: sha512-nhF/H5tPs0YsuKcdX5gGV6Ku7pFpSobXubt0y3rHfmR4itG6hhGE2We1hCyc7it0ozlDsA2NxOb1m9YlmY38+A==}
    cpu: [arm64]
    os: [win32]

  '@supabase/cli-windows-x64@2.114.0':
    resolution: {integrity: sha512-JtdgR9HvhgUxyd+GMpTECHCSFbAFP67/FJIWybYOVt5Qh6g4rqlLSWmT5zWFCQBSBw0dSw7xf2V3YB1+HESmiA==}
    cpu: [x64]
    os: [win32]

  eciesjs@0.5.0:
    resolution: {integrity: sha512-s0J9SEVYAEPg7J63GFMApLYzPH9VNIQIyC6s15JpnqVc0TqcKWdbgFlnAweEBRyMmko2dcs2sfC83Hj4J43tuA==}
    engines: {bun: '>=1', deno: '>=2.7.10', node: '>=16'}

  jose@6.2.9:
    resolution: {integrity: sha512-XrchZOFZUl/T3vTwRe8XK+cJrGtMF4th1ARnDfwbBXFKThGhlsxEE4Zu03AD/bjJSt/9jT/mxrOCkJWOg77aPA==}

  lightningcss-win32-x64-msvc@1.33.0:
    resolution: {integrity: sha512-OlEICDx/Xl0FqSp4bry8zFnCvGpig3Gl4gCquvYwHuqJKEC1+n9NgDniFvqHGmMv1ZkqDJrDqKKSykTDX+ehuA==}
    engines: {node: '>= 12.0.0'}
    cpu: [x64]
    os: [win32]

  normalize-wheel@1.0.1:
    resolution: {integrity: sha512-1OnlAPZ3zgrk8B91HyRj+eVv+kS5u+Z0SCsak6Xil/kmgEia50ga7zfkumayonZrImffAxPU/5WcyGhzetHNPA==}

  react-dom@19.2.8:
    resolution: {integrity: sha512-rVprimfGBG3DR+Tq0IQG2DT5PxKth1WIGDmj5yPmlzr4YBe7uyE+Du4oVqTDXZSHGGGXRtTJEGSSePyQCMBglQ==}
    peerDependencies:
      react: ^19.2.8

  react-easy-crop@5.5.7:
    resolution: {integrity: sha512-kYo4NtMeXFQB7h1U+h5yhUkE46WQbQdq7if54uDlbMdZHdRgNehfvaFrXnFw5NR1PNoUOJIfTwLnWmEx/MaZnA==}
    peerDependencies:
      react: '>=16.4.0'
      react-dom: '>=16.4.0'

  react@19.2.8:
    resolution: {integrity: sha512-PWaYA1L/q9u2u7xYQi+Y3L3Yfnie7XyLeaJICV1MGD6LprsBxcAqGjYyr0eY3p+QdsA+x/Irkt4Qif8D63+Sbw==}
    engines: {node: '>=0.10.0'}

  scheduler@0.27.0:
    resolution: {integrity: sha512-eNv+WrVbKu1f3vbYJT/xtiF5syA5HPIMtf9IgY/nKg0sWqzAUEvqY/xm7OcZc/qafLx/iO9FgOmeSAp4v5ti/Q==}

  supabase@2.114.0:
    resolution: {integrity: sha512-JtCR+eDgVs2YtmZl5THdkaTeXex80lax+3V2SXRSuj280SWJPTIKxMLc82iDKjZlqXnt9zrGnJkrWb7DwHGPhQ==}
    hasBin: true

  tslib@2.8.1:
    resolution: {integrity: sha512-oJFu94HQb+KVduSUQL7wnpmqnfmLsOA/nAh6b6EH0wCEoK0/mPeXU6c3wKDV83MkOuHPRHtSXKKU99IBazS/2w==}

snapshots:

  '@ecies/ciphers@0.2.6(@noble/ciphers@1.3.0)':
    dependencies:
      '@noble/ciphers': 1.3.0

  '@esbuild/linux-arm64@0.21.5':
    optional: true

  '@esbuild/linux-x64@0.21.5':
    optional: true

  '@noble/ciphers@1.3.0': {}

  '@noble/curves@1.9.7':
    dependencies:
      '@noble/hashes': 1.8.0

  '@noble/hashes@1.8.0': {}

  '@supabase/cli-darwin-arm64@2.114.0':
    optional: true

  '@supabase/cli-darwin-x64@2.114.0':
    optional: true

  '@supabase/cli-linux-arm64-musl@2.114.0':
    optional: true

  '@supabase/cli-linux-arm64@2.114.0':
    optional: true

  '@supabase/cli-linux-x64-musl@2.114.0':
    optional: true

  '@supabase/cli-linux-x64@2.114.0':
    optional: true

  '@supabase/cli-windows-arm64@2.114.0':
    optional: true

  '@supabase/cli-windows-x64@2.114.0':
    optional: true

  eciesjs@0.5.0:
    dependencies:
      '@ecies/ciphers': 0.2.6(@noble/ciphers@1.3.0)
      '@noble/ciphers': 1.3.0
      '@noble/curves': 1.9.7
      '@noble/hashes': 1.8.0

  jose@6.2.9: {}

  lightningcss-win32-x64-msvc@1.33.0: {}

  normalize-wheel@1.0.1: {}

  react-dom@19.2.8(react@19.2.8):
    dependencies:
      react: 19.2.8
      scheduler: 0.27.0

  react-easy-crop@5.5.7(react-dom@19.2.8(react@19.2.8))(react@19.2.8):
    dependencies:
      normalize-wheel: 1.0.1
      react: 19.2.8
      react-dom: 19.2.8(react@19.2.8)
      tslib: 2.8.1

  react@19.2.8: {}

  scheduler@0.27.0: {}

  supabase@2.114.0:
    dependencies:
      eciesjs: 0.5.0
      jose: 6.2.9
    optionalDependencies:
      '@supabase/cli-darwin-arm64': 2.114.0
      '@supabase/cli-darwin-x64': 2.114.0
      '@supabase/cli-linux-arm64': 2.114.0
      '@supabase/cli-linux-arm64-musl': 2.114.0
      '@supabase/cli-linux-x64': 2.114.0
      '@supabase/cli-linux-x64-musl': 2.114.0
      '@supabase/cli-windows-arm64': 2.114.0
      '@supabase/cli-windows-x64': 2.114.0

  tslib@2.8.1: {}
